<?xml version="1.0" encoding="utf-8"?>
<Project ToolsVersion="4.0" xmlns="http://schemas.microsoft.com/developer/msbuild/2003">
  <ItemGroup>
    <Filter Include="Resource Files">
      <UniqueIdentifier>{67DA6AB6-F800-4c08-8B7A-83BB121AAD01}</UniqueIdentifier>
      <Extensions>rc;ico;cur;bmp;dlg;rc2;rct;bin;rgs;gif;jpg;jpeg;jpe;resx;tiff;tif;png;wav;mfcribbon-ms</Extensions>
    </Filter>
    <Filter Include="browedit">
      <UniqueIdentifier>{1b4dc4ea-a61b-467e-855c-a032436dfb40}</UniqueIdentifier>
    </Filter>
    <Filter Include="lib">
      <UniqueIdentifier>{452da480-0dd2-4112-87f2-67499909f19d}</UniqueIdentifier>
    </Filter>
    <Filter Include="lib\imgui">
      <UniqueIdentifier>{e82a5463-6bc8-4e76-8692-618bb2808a49}</UniqueIdentifier>
    </Filter>
    <Filter Include="lib\grflib">
      <UniqueIdentifier>{7cd222ed-4481-4ff8-8437-9b1b80551da0}</UniqueIdentifier>
    </Filter>
    <Filter Include="lib\zlib">
      <UniqueIdentifier>{3c254da2-2548-4e35-947f-96754d36784f}</UniqueIdentifier>
    </Filter>
    <Filter Include="browedit\components">
      <UniqueIdentifier>{3cc694e6-ac97-4cca-a862-6d0fdfa2a658}</UniqueIdentifier>
    </Filter>
    <Filter Include="browedit\math">
      <UniqueIdentifier>{41e5bf9f-c9c1-4212-9c11-ae6c1d107e63}</UniqueIdentifier>
    </Filter>
    <Filter Include="browedit\util">
      <UniqueIdentifier>{d1892397-df25-4ca8-9a2c-2e31e207640e}</UniqueIdentifier>
    </Filter>
    <Filter Include="browedit\gl">
      <UniqueIdentifier>{8855fab8-31b7-4861-90d3-4552231af5a6}</UniqueIdentifier>
    </Filter>
    <Filter Include="data">
      <UniqueIdentifier>{51fa371d-303e-403d-980e-8125b5ece6ff}</UniqueIdentifier>
    </Filter>
    <Filter Include="data\shaders">
      <UniqueIdentifier>{2ade0801-bc59-46dd-8653-fe2ea04d90f7}</UniqueIdentifier>
    </Filter>
    <Filter Include="browedit\actions">
      <UniqueIdentifier>{c40c6d15-bf7f-46c1-8a00-7f81367cfa99}</UniqueIdentifier>
    </Filter>
    <Filter Include="browedit\windows">
      <UniqueIdentifier>{74f0a97e-2bd6-4a0a-8c84-ce3a6ea8c82b}</UniqueIdentifier>
    </Filter>
    <Filter Include="browedit\shaders">
      <UniqueIdentifier>{4a696fe1-8d62-4f88-a26d-004f83ecf6bd}</UniqueIdentifier>
    </Filter>
    <Filter Include="lib\imGuIZMO.quat">
      <UniqueIdentifier>{32e382ac-bc7d-4025-92b3-d5e39761b9c3}</UniqueIdentifier>
    </Filter>
    <Filter Include="lib\tinygltf">
      <UniqueIdentifier>{a9871e34-e995-4a29-a682-f6821a7ec290}</UniqueIdentifier>
    </Filter>
    <Filter Include="docs">
      <UniqueIdentifier>{6937a0c7-581a-45a1-ace2-1ef984d7823a}</UniqueIdentifier>
    </Filter>
    <Filter Include="docs\formats">
      <UniqueIdentifier>{ada228bb-85f8-4714-b5e0-fc414f2ce1a9}</UniqueIdentifier>
    </Filter>
  </ItemGroup>
  <ItemGroup>
    <ClCompile Include="lib\imgui\imgui.cpp">
      <Filter>lib\imgui</Filter>
    </ClCompile>
    <ClCompile Include="lib\imgui\imgui_draw.cpp">
      <Filter>lib\imgui</Filter>
    </ClCompile>
    <ClCompile Include="lib\imgui\imgui_tables.cpp">
      <Filter>lib\imgui</Filter>
    </ClCompile>
    <ClCompile Include="lib\imgui\imgui_widgets.cpp">
      <Filter>lib\imgui</Filter>
    </ClCompile>
    <ClCompile Include="lib\imgui\backends\imgui_impl_glfw.cpp">
      <Filter>lib\imgui</Filter>
    </ClCompile>
    <ClCompile Include="lib\imgui\backends\imgui_impl_opengl3.cpp">
      <Filter>lib\imgui</Filter>
    </ClCompile>
    <ClCompile Include="lib\grflib\grfsupport.c">
      <Filter>lib\grflib</Filter>
    </ClCompile>
    <ClCompile Include="lib\grflib\rgz.c">
      <Filter>lib\grflib</Filter>
    </ClCompile>
    <ClCompile Include="lib\grflib\grf.c">
      <Filter>lib\grflib</Filter>
    </ClCompile>
    <ClCompile Include="lib\grflib\grfcrypt.c">
      <Filter>lib\grflib</Filter>
    </ClCompile>
    <ClCompile Include="lib\zlib\gzclose.c">
      <Filter>lib\zlib</Filter>
    </ClCompile>
    <ClCompile Include="lib\zlib\gzlib.c">
      <Filter>lib\zlib</Filter>
    </ClCompile>
    <ClCompile Include="lib\zlib\gzread.c">
      <Filter>lib\zlib</Filter>
    </ClCompile>
    <ClCompile Include="lib\zlib\gzwrite.c">
      <Filter>lib\zlib</Filter>
    </ClCompile>
    <ClCompile Include="lib\zlib\infback.c">
      <Filter>lib\zlib</Filter>
    </ClCompile>
    <ClCompile Include="lib\zlib\inffast.c">
      <Filter>lib\zlib</Filter>
    </ClCompile>
    <ClCompile Include="lib\zlib\inflate.c">
      <Filter>lib\zlib</Filter>
    </ClCompile>
    <ClCompile Include="lib\zlib\inftrees.c">
      <Filter>lib\zlib</Filter>
    </ClCompile>
    <ClCompile Include="lib\zlib\trees.c">
      <Filter>lib\zlib</Filter>
    </ClCompile>
    <ClCompile Include="lib\zlib\uncompr.c">
      <Filter>lib\zlib</Filter>
    </ClCompile>
    <ClCompile Include="lib\zlib\zutil.c">
      <Filter>lib\zlib</Filter>
    </ClCompile>
    <ClCompile Include="lib\zlib\adler32.c">
      <Filter>lib\zlib</Filter>
    </ClCompile>
    <ClCompile Include="lib\zlib\compress.c">
      <Filter>lib\zlib</Filter>
    </ClCompile>
    <ClCompile Include="lib\zlib\crc32.c">
      <Filter>lib\zlib</Filter>
    </ClCompile>
    <ClCompile Include="lib\zlib\deflate.c">
      <Filter>lib\zlib</Filter>
    </ClCompile>
    <ClCompile Include="lib\imgui\misc\cpp\imgui_stdlib.cpp">
      <Filter>lib\imgui</Filter>
    </ClCompile>
    <ClCompile Include="browedit\BrowEdit.imgui.cpp">
      <Filter>browedit</Filter>
    </ClCompile>
    <ClCompile Include="browedit\Config.cpp">
      <Filter>browedit</Filter>
    </ClCompile>
    <ClCompile Include="browedit\Map.cpp">
      <Filter>browedit</Filter>
    </ClCompile>
    <ClCompile Include="browedit\Node.cpp">
      <Filter>browedit</Filter>
    </ClCompile>
    <ClCompile Include="browedit\BrowEdit.cpp">
      <Filter>browedit</Filter>
    </ClCompile>
    <ClCompile Include="browedit\BrowEdit.glfw.cpp">
      <Filter>browedit</Filter>
    </ClCompile>
    <ClCompile Include="browedit\util\FileIO.cpp">
      <Filter>browedit\util</Filter>
    </ClCompile>
    <ClCompile Include="browedit\components\Rsm.cpp">
      <Filter>browedit\components</Filter>
    </ClCompile>
    <ClCompile Include="browedit\components\RsmRenderer.cpp">
      <Filter>browedit\components</Filter>
    </ClCompile>
    <ClCompile Include="browedit\components\Rsw.cpp">
      <Filter>browedit\components</Filter>
    </ClCompile>
    <ClCompile Include="browedit\components\Component.cpp">
      <Filter>browedit\components</Filter>
    </ClCompile>
    <ClCompile Include="browedit\components\Gnd.cpp">
      <Filter>browedit\components</Filter>
    </ClCompile>
    <ClCompile Include="browedit\components\GndRenderer.cpp">
      <Filter>browedit\components</Filter>
    </ClCompile>
    <ClCompile Include="browedit\math\AABB.cpp">
      <Filter>browedit\math</Filter>
    </ClCompile>
    <ClCompile Include="browedit\math\Ray.cpp">
      <Filter>browedit\math</Filter>
    </ClCompile>
    <ClCompile Include="browedit\math\Plane.cpp">
      <Filter>browedit\math</Filter>
    </ClCompile>
    <ClCompile Include="browedit\util\Util.cpp">
      <Filter>browedit\util</Filter>
    </ClCompile>
    <ClCompile Include="lib\sfl\stb\stb_image.cpp">
      <Filter>lib</Filter>
    </ClCompile>
    <ClCompile Include="browedit\gl\Texture.cpp">
      <Filter>browedit\gl</Filter>
    </ClCompile>
    <ClCompile Include="browedit\gl\Shader.cpp">
      <Filter>browedit\gl</Filter>
    </ClCompile>
    <ClCompile Include="browedit\gl\FBO.cpp">
      <Filter>browedit\gl</Filter>
    </ClCompile>
    <ClCompile Include="lib\glad\src\glad.c">
      <Filter>lib</Filter>
    </ClCompile>
    <ClCompile Include="lib\sfl\stb\stb_image_write.cpp">
      <Filter>lib</Filter>
    </ClCompile>
    <ClCompile Include="browedit\MapView.cpp">
      <Filter>browedit</Filter>
    </ClCompile>
    <ClCompile Include="browedit\NodeRenderer.cpp">
      <Filter>browedit</Filter>
    </ClCompile>
    <ClCompile Include="browedit\Gadget.cpp">
      <Filter>browedit</Filter>
    </ClCompile>
    <ClCompile Include="browedit\Mesh.cpp">
      <Filter>browedit</Filter>
    </ClCompile>
    <ClCompile Include="browedit\actions\SelectAction.cpp">
      <Filter>browedit\actions</Filter>
    </ClCompile>
    <ClCompile Include="browedit\actions\ObjectChangeAction.cpp">
      <Filter>browedit\actions</Filter>
    </ClCompile>
    <ClCompile Include="lib\imgui\imgui_demo.cpp">
      <Filter>lib\imgui</Filter>
    </ClCompile>
    <ClCompile Include="browedit\actions\NewObjectAction.cpp">
      <Filter>browedit\actions</Filter>
    </ClCompile>
    <ClCompile Include="browedit\actions\DeleteObjectAction.cpp">
      <Filter>browedit\actions</Filter>
    </ClCompile>
    <ClCompile Include="browedit\windows\UndoWindow.cpp">
      <Filter>browedit\windows</Filter>
    </ClCompile>
    <ClCompile Include="browedit\windows\ObjectPropertiesWindow.cpp">
      <Filter>browedit\windows</Filter>
    </ClCompile>
    <ClCompile Include="browedit\windows\ObjectSelectWindow.cpp">
      <Filter>browedit\windows</Filter>
    </ClCompile>
    <ClCompile Include="browedit\windows\ObjectTreeWindow.cpp">
      <Filter>browedit\windows</Filter>
    </ClCompile>
    <ClCompile Include="browedit\windows\OpenMapWindow.cpp">
      <Filter>browedit\windows</Filter>
    </ClCompile>
    <ClCompile Include="browedit\windows\Toolbar.cpp">
      <Filter>browedit\windows</Filter>
    </ClCompile>
    <ClCompile Include="browedit\windows\MenuBar.cpp">
      <Filter>browedit\windows</Filter>
    </ClCompile>
    <ClCompile Include="browedit\windows\HelpWindow.cpp">
      <Filter>browedit\windows</Filter>
    </ClCompile>
    <ClCompile Include="browedit\actions\ModelChangeAction.cpp">
      <Filter>browedit\actions</Filter>
    </ClCompile>
    <ClCompile Include="browedit\components\BillboardRenderer.cpp">
      <Filter>browedit\components</Filter>
    </ClCompile>
    <ClCompile Include="browedit\Lightmapper.cpp">
      <Filter>browedit</Filter>
    </ClCompile>
    <ClCompile Include="browedit\windows\LightmapSettingsWindow.cpp">
      <Filter>browedit\windows</Filter>
    </ClCompile>
    <ClCompile Include="browedit\components\Rsw.Effect.cpp">
      <Filter>browedit\components</Filter>
    </ClCompile>
    <ClCompile Include="browedit\components\Rsw.Light.cpp">
      <Filter>browedit\components</Filter>
    </ClCompile>
    <ClCompile Include="browedit\components\Rsw.Model.cpp">
      <Filter>browedit\components</Filter>
    </ClCompile>
    <ClCompile Include="browedit\components\Rsw.Sound.cpp">
      <Filter>browedit\components</Filter>
    </ClCompile>
    <ClCompile Include="browedit\components\Rsw.Object.cpp">
      <Filter>browedit\components</Filter>
    </ClCompile>
    <ClCompile Include="browedit\Image.cpp">
      <Filter>browedit</Filter>
    </ClCompile>
    <ClCompile Include="browedit\MapView.Objectmode.cpp">
      <Filter>browedit</Filter>
    </ClCompile>
    <ClCompile Include="browedit\MapView.Heightmode.cpp">
      <Filter>browedit</Filter>
    </ClCompile>
    <ClCompile Include="browedit\actions\GroupAction.cpp">
      <Filter>browedit\actions</Filter>
    </ClCompile>
    <ClCompile Include="browedit\math\Polygon.cpp">
      <Filter>browedit\math</Filter>
    </ClCompile>
    <ClCompile Include="browedit\actions\TileSelectAction.cpp">
      <Filter>browedit\actions</Filter>
    </ClCompile>
    <ClCompile Include="browedit\actions\CubeHeightChangeAction.cpp">
      <Filter>browedit\actions</Filter>
    </ClCompile>
    <ClCompile Include="browedit\actions\CubeTileChangeAction.cpp">
      <Filter>browedit\actions</Filter>
    </ClCompile>
    <ClCompile Include="browedit\components\WaterRenderer.cpp">
      <Filter>browedit\components</Filter>
    </ClCompile>
    <ClCompile Include="browedit\actions\RemoveComponentAction.cpp">
      <Filter>browedit\actions</Filter>
    </ClCompile>
    <ClCompile Include="browedit\actions\AddComponentAction.cpp">
      <Filter>browedit\actions</Filter>
    </ClCompile>
    <ClCompile Include="browedit\components\LubRenderer.cpp">
      <Filter>browedit\components</Filter>
    </ClCompile>
    <ClCompile Include="browedit\MapView.Texturemode.cpp">
      <Filter>browedit</Filter>
    </ClCompile>
    <ClCompile Include="browedit\windows\TextureBrushWindow.cpp">
      <Filter>browedit\windows</Filter>
    </ClCompile>
    <ClCompile Include="browedit\windows\TextureManageWindow.cpp">
      <Filter>browedit\windows</Filter>
    </ClCompile>
    <ClCompile Include="browedit\actions\TilePropertyChangeAction.cpp">
      <Filter>browedit\actions</Filter>
    </ClCompile>
    <ClCompile Include="browedit\actions\TileDeleteAction.cpp">
      <Filter>browedit\actions</Filter>
    </ClCompile>
    <ClCompile Include="browedit\actions\TileNewAction.cpp">
      <Filter>browedit\actions</Filter>
    </ClCompile>
    <ClCompile Include="browedit\windows\ExportMapWindow.cpp">
      <Filter>browedit\windows</Filter>
    </ClCompile>
    <ClCompile Include="browedit\actions\GndTextureActions.cpp">
      <Filter>browedit\actions</Filter>
    </ClCompile>
    <ClCompile Include="browedit\MapView.Gatmode.cpp">
      <Filter>browedit</Filter>
    </ClCompile>
    <ClCompile Include="browedit\components\Gat.cpp">
      <Filter>browedit\components</Filter>
    </ClCompile>
    <ClCompile Include="browedit\components\GatRenderer.cpp">
      <Filter>browedit\components</Filter>
    </ClCompile>
    <ClCompile Include="browedit\HotkeyRegistry.cpp">
      <Filter>browedit</Filter>
    </ClCompile>
    <ClCompile Include="browedit\windows\HotkeyEditorWindowWindow.cpp">
      <Filter>browedit\windows</Filter>
    </ClCompile>
    <ClCompile Include="browedit\HotkeyActions.cpp">
      <Filter>browedit</Filter>
    </ClCompile>
    <ClCompile Include="browedit\windows\ObjectEditTools.cpp">
      <Filter>browedit\windows</Filter>
    </ClCompile>
    <ClCompile Include="browedit\windows\HeightEditWindow.cpp">
      <Filter>browedit\windows</Filter>
    </ClCompile>
    <ClCompile Include="browedit\windows\GatEditWindow.cpp">
      <Filter>browedit\windows</Filter>
    </ClCompile>
    <ClCompile Include="browedit\actions\GatTileChangeAction.cpp">
      <Filter>browedit\actions</Filter>
    </ClCompile>
    <ClCompile Include="browedit\MapView.Wallmode.cpp">
      <Filter>browedit</Filter>
    </ClCompile>
    <ClCompile Include="browedit\Hotkey.cpp">
      <Filter>browedit</Filter>
    </ClCompile>
    <ClCompile Include="browedit\windows\WallEditWindow.cpp">
      <Filter>browedit\windows</Filter>
    </ClCompile>
    <ClCompile Include="browedit\windows\ColorEditWindow.cpp">
      <Filter>browedit\windows</Filter>
    </ClCompile>
    <ClCompile Include="browedit\MapView.Colormode.cpp">
      <Filter>browedit</Filter>
    </ClCompile>
    <ClCompile Include="browedit\actions\SelectWallAction.cpp">
      <Filter>browedit\actions</Filter>
    </ClCompile>
    <ClCompile Include="browedit\windows\CinematicModeWindow.cpp">
      <Filter>browedit\windows</Filter>
    </ClCompile>
    <ClCompile Include="browedit\MapView.Cinematicmode.cpp">
      <Filter>browedit</Filter>
    </ClCompile>
    <ClCompile Include="browedit\math\HermiteCurve.cpp">
      <Filter>browedit\math</Filter>
    </ClCompile>
    <ClCompile Include="lib\imGuIZMO.quat\imGuIZMO.quat\imGuIZMOquat.cpp">
      <Filter>lib\imGuIZMO.quat</Filter>
    </ClCompile>
    <ClCompile Include="browedit\ModelEditor.cpp">
      <Filter>browedit</Filter>
    </ClCompile>
    <ClCompile Include="lib\tinygltf\tiny_gltf.cc">
      <Filter>lib\tinygltf</Filter>
    </ClCompile>
    <ClCompile Include="browedit\actions\WaterSplitChangeAction.cpp">
      <Filter>browedit\actions</Filter>
    </ClCompile>
    <ClCompile Include="browedit\actions\GndVersionChangeAction.cpp">
      <Filter>browedit\actions</Filter>
    </ClCompile>
    <ClCompile Include="browedit\windows\ShadowEditWindow.cpp">
      <Filter>browedit\windows</Filter>
    </ClCompile>
    <ClCompile Include="browedit\MapView.Shadowmode.cpp">
      <Filter>browedit</Filter>
    </ClCompile>
    <ClCompile Include="browedit\actions\LightmapNewAction.cpp">
      <Filter>browedit\actions</Filter>
    </ClCompile>
    <ClCompile Include="browedit\actions\LubChangeTextureAction.cpp">
      <Filter>browedit\actions</Filter>
    </ClCompile>
    <ClCompile Include="browedit\actions\LightmapChangeAction.cpp">
      <Filter>browedit\actions</Filter>
    </ClCompile>
    <ClCompile Include="browedit\util\Console.cpp">
      <Filter>browedit\util</Filter>
    </ClCompile>
    <ClCompile Include="browedit\windows\CropSettingsWindow.cpp">
      <Filter>browedit\windows</Filter>
    </ClCompile>
  </ItemGroup>
  <ItemGroup>
    <ClInclude Include="lib\imgui\imgui.h">
      <Filter>lib\imgui</Filter>
    </ClInclude>
    <ClInclude Include="lib\imgui\imgui_internal.h">
      <Filter>lib\imgui</Filter>
    </ClInclude>
    <ClInclude Include="lib\imgui\imstb_rectpack.h">
      <Filter>lib\imgui</Filter>
    </ClInclude>
    <ClInclude Include="lib\imgui\imstb_textedit.h">
      <Filter>lib\imgui</Filter>
    </ClInclude>
    <ClInclude Include="lib\imgui\imstb_truetype.h">
      <Filter>lib\imgui</Filter>
    </ClInclude>
    <ClInclude Include="lib\imgui\imconfig.h">
      <Filter>lib\imgui</Filter>
    </ClInclude>
    <ClInclude Include="lib\grflib\grfcrypt.h">
      <Filter>lib\grflib</Filter>
    </ClInclude>
    <ClInclude Include="lib\grflib\grfsupport.h">
      <Filter>lib\grflib</Filter>
    </ClInclude>
    <ClInclude Include="lib\grflib\grftypes.h">
      <Filter>lib\grflib</Filter>
    </ClInclude>
    <ClInclude Include="lib\grflib\rgz.h">
      <Filter>lib\grflib</Filter>
    </ClInclude>
    <ClInclude Include="lib\grflib\grf.h">
      <Filter>lib\grflib</Filter>
    </ClInclude>
    <ClInclude Include="lib\zlib\gzguts.h">
      <Filter>lib\zlib</Filter>
    </ClInclude>
    <ClInclude Include="lib\zlib\inffast.h">
      <Filter>lib\zlib</Filter>
    </ClInclude>
    <ClInclude Include="lib\zlib\inffixed.h">
      <Filter>lib\zlib</Filter>
    </ClInclude>
    <ClInclude Include="lib\zlib\inflate.h">
      <Filter>lib\zlib</Filter>
    </ClInclude>
    <ClInclude Include="lib\zlib\inftrees.h">
      <Filter>lib\zlib</Filter>
    </ClInclude>
    <ClInclude Include="lib\zlib\trees.h">
      <Filter>lib\zlib</Filter>
    </ClInclude>
    <ClInclude Include="lib\zlib\zconf.h">
      <Filter>lib\zlib</Filter>
    </ClInclude>
    <ClInclude Include="lib\zlib\zlib.h">
      <Filter>lib\zlib</Filter>
    </ClInclude>
    <ClInclude Include="lib\zlib\zutil.h">
      <Filter>lib\zlib</Filter>
    </ClInclude>
    <ClInclude Include="lib\zlib\crc32.h">
      <Filter>lib\zlib</Filter>
    </ClInclude>
    <ClInclude Include="lib\zlib\deflate.h">
      <Filter>lib\zlib</Filter>
    </ClInclude>
    <ClInclude Include="lib\imgui\misc\cpp\imgui_stdlib.h">
      <Filter>lib\imgui</Filter>
    </ClInclude>
    <ClInclude Include="browedit\BrowEdit.h">
      <Filter>browedit</Filter>
    </ClInclude>
    <ClInclude Include="browedit\Config.h">
      <Filter>browedit</Filter>
    </ClInclude>
    <ClInclude Include="browedit\Map.h">
      <Filter>browedit</Filter>
    </ClInclude>
    <ClInclude Include="browedit\Node.h">
      <Filter>browedit</Filter>
    </ClInclude>
    <ClInclude Include="browedit\util\FileIO.h">
      <Filter>browedit\util</Filter>
    </ClInclude>
    <ClInclude Include="browedit\components\Rsm.h">
      <Filter>browedit\components</Filter>
    </ClInclude>
    <ClInclude Include="browedit\components\RsmRenderer.h">
      <Filter>browedit\components</Filter>
    </ClInclude>
    <ClInclude Include="browedit\components\Rsw.h">
      <Filter>browedit\components</Filter>
    </ClInclude>
    <ClInclude Include="browedit\components\Component.h">
      <Filter>browedit\components</Filter>
    </ClInclude>
    <ClInclude Include="browedit\components\Gnd.h">
      <Filter>browedit\components</Filter>
    </ClInclude>
    <ClInclude Include="browedit\components\GndRenderer.h">
      <Filter>browedit\components</Filter>
    </ClInclude>
    <ClInclude Include="browedit\components\Renderer.h">
      <Filter>browedit\components</Filter>
    </ClInclude>
    <ClInclude Include="browedit\util\Tree.h">
      <Filter>browedit\util</Filter>
    </ClInclude>
    <ClInclude Include="browedit\math\AABB.h">
      <Filter>browedit\math</Filter>
    </ClInclude>
    <ClInclude Include="browedit\math\Ray.h">
      <Filter>browedit\math</Filter>
    </ClInclude>
    <ClInclude Include="browedit\math\Plane.h">
      <Filter>browedit\math</Filter>
    </ClInclude>
    <ClInclude Include="browedit\util\Util.h">
      <Filter>browedit\util</Filter>
    </ClInclude>
    <ClInclude Include="browedit\gl\Texture.h">
      <Filter>browedit\gl</Filter>
    </ClInclude>
    <ClInclude Include="browedit\gl\Shader.h">
      <Filter>browedit\gl</Filter>
    </ClInclude>
    <ClInclude Include="browedit\gl\VAO.h">
      <Filter>browedit\gl</Filter>
    </ClInclude>
    <ClInclude Include="browedit\gl\VBO.h">
      <Filter>browedit\gl</Filter>
    </ClInclude>
    <ClInclude Include="browedit\gl\Vertex.h">
      <Filter>browedit\gl</Filter>
    </ClInclude>
    <ClInclude Include="browedit\gl\VIO.h">
      <Filter>browedit\gl</Filter>
    </ClInclude>
    <ClInclude Include="browedit\gl\FBO.h">
      <Filter>browedit\gl</Filter>
    </ClInclude>
    <ClInclude Include="browedit\MapView.h">
      <Filter>browedit</Filter>
    </ClInclude>
    <ClInclude Include="browedit\NodeRenderer.h">
      <Filter>browedit</Filter>
    </ClInclude>
    <ClInclude Include="browedit\util\ResourceManager.h">
      <Filter>browedit\util</Filter>
    </ClInclude>
    <ClInclude Include="browedit\components\Collider.h">
      <Filter>browedit\components</Filter>
    </ClInclude>
    <ClInclude Include="browedit\actions\Action.h">
      <Filter>browedit\actions</Filter>
    </ClInclude>
    <ClInclude Include="browedit\Gadget.h">
      <Filter>browedit</Filter>
    </ClInclude>
    <ClInclude Include="browedit\Mesh.h">
      <Filter>browedit</Filter>
    </ClInclude>
    <ClInclude Include="resource.h">
      <Filter>Resource Files</Filter>
    </ClInclude>
    <ClInclude Include="browedit\actions\SelectAction.h">
      <Filter>browedit\actions</Filter>
    </ClInclude>
    <ClInclude Include="browedit\actions\ObjectChangeAction.h">
      <Filter>browedit\actions</Filter>
    </ClInclude>
    <ClInclude Include="browedit\actions\GroupAction.h">
      <Filter>browedit\actions</Filter>
    </ClInclude>
    <ClInclude Include="browedit\actions\NewObjectAction.h">
      <Filter>browedit\actions</Filter>
    </ClInclude>
    <ClInclude Include="browedit\actions\DeleteObjectAction.h">
      <Filter>browedit\actions</Filter>
    </ClInclude>
    <ClInclude Include="lib\imgui\imgui_markdown.h">
      <Filter>lib\imgui</Filter>
    </ClInclude>
    <ClInclude Include="browedit\actions\ModelChangeAction.h">
      <Filter>browedit\actions</Filter>
    </ClInclude>
    <ClInclude Include="browedit\components\BillboardRenderer.h">
      <Filter>browedit\components</Filter>
    </ClInclude>
    <ClInclude Include="browedit\Lightmapper.h">
      <Filter>browedit</Filter>
    </ClInclude>
    <ClInclude Include="browedit\Image.h">
      <Filter>browedit</Filter>
    </ClInclude>
    <ClInclude Include="browedit\shaders\RsmShader.h">
      <Filter>browedit\shaders</Filter>
    </ClInclude>
    <ClInclude Include="browedit\shaders\SimpleShader.h">
      <Filter>browedit\shaders</Filter>
    </ClInclude>
    <ClInclude Include="browedit\shaders\GndShader.h">
      <Filter>browedit\shaders</Filter>
    </ClInclude>
    <ClInclude Include="Version.h">
      <Filter>Resource Files</Filter>
    </ClInclude>
    <ClInclude Include="browedit\math\Polygon.h">
      <Filter>browedit\math</Filter>
    </ClInclude>
    <ClInclude Include="browedit\actions\CubeHeightChangeAction.h">
      <Filter>browedit\actions</Filter>
    </ClInclude>
    <ClInclude Include="browedit\actions\TileSelectAction.h">
      <Filter>browedit\actions</Filter>
    </ClInclude>
    <ClInclude Include="browedit\Icons.h">
      <Filter>browedit</Filter>
    </ClInclude>
    <ClInclude Include="browedit\components\ImguiProps.h">
      <Filter>browedit\components</Filter>
    </ClInclude>
    <ClInclude Include="browedit\actions\CubeTileChangeAction.h">
      <Filter>browedit\actions</Filter>
    </ClInclude>
    <ClInclude Include="browedit\components\WaterRenderer.h">
      <Filter>browedit\components</Filter>
    </ClInclude>
    <ClInclude Include="browedit\shaders\WaterShader.h">
      <Filter>browedit\shaders</Filter>
    </ClInclude>
    <ClInclude Include="browedit\actions\AddComponentAction.h">
      <Filter>browedit\actions</Filter>
    </ClInclude>
    <ClInclude Include="browedit\actions\RemoveComponentAction.h">
      <Filter>browedit\actions</Filter>
    </ClInclude>
    <ClInclude Include="browedit\components\LubRenderer.h">
      <Filter>browedit\components</Filter>
    </ClInclude>
    <ClInclude Include="browedit\actions\TilePropertyChangeAction.h">
      <Filter>browedit\actions</Filter>
    </ClInclude>
    <ClInclude Include="browedit\actions\TileDeleteAction.h">
      <Filter>browedit\actions</Filter>
    </ClInclude>
    <ClInclude Include="browedit\actions\TileNewAction.h">
      <Filter>browedit\actions</Filter>
    </ClInclude>
    <ClInclude Include="browedit\actions\GndTextureActions.h">
      <Filter>browedit\actions</Filter>
    </ClInclude>
    <ClInclude Include="browedit\components\Gat.h">
      <Filter>browedit\components</Filter>
    </ClInclude>
    <ClInclude Include="browedit\components\GatRenderer.h">
      <Filter>browedit\components</Filter>
    </ClInclude>
    <ClInclude Include="browedit\util\glfw_keycodes_to_string.h">
      <Filter>browedit\util</Filter>
    </ClInclude>
    <ClInclude Include="browedit\HotkeyRegistry.h">
      <Filter>browedit</Filter>
    </ClInclude>
    <ClInclude Include="browedit\Hotkey.h">
      <Filter>browedit</Filter>
    </ClInclude>
    <ClInclude Include="browedit\actions\GatTileChangeAction.h">
      <Filter>browedit\actions</Filter>
    </ClInclude>
    <ClInclude Include="browedit\actions\SelectWallAction.h">
      <Filter>browedit\actions</Filter>
    </ClInclude>
    <ClInclude Include="browedit\math\HermiteCurve.h">
      <Filter>browedit\math</Filter>
    </ClInclude>
    <ClInclude Include="lib\imGuIZMO.quat\imGuIZMO.quat\imGuIZMOquat.h">
      <Filter>lib\imGuIZMO.quat</Filter>
    </ClInclude>
    <ClInclude Include="lib\imGuIZMO.quat\imGuIZMO.quat\vgConfig.h">
      <Filter>lib\imGuIZMO.quat</Filter>
    </ClInclude>
    <ClInclude Include="lib\imGuIZMO.quat\imGuIZMO.quat\vGizmo.h">
      <Filter>lib\imGuIZMO.quat</Filter>
    </ClInclude>
    <ClInclude Include="lib\imGuIZMO.quat\imGuIZMO.quat\vGizmoMath.h">
      <Filter>lib\imGuIZMO.quat</Filter>
    </ClInclude>
    <ClInclude Include="lib\imGuIZMO.quat\imGuIZMO.quat\vgMath.h">
      <Filter>lib\imGuIZMO.quat</Filter>
    </ClInclude>
    <ClInclude Include="browedit\ModelEditor.h">
      <Filter>browedit</Filter>
    </ClInclude>
    <ClInclude Include="lib\tinygltf\tiny_gltf.h">
      <Filter>lib\tinygltf</Filter>
    </ClInclude>
    <ClInclude Include="browedit\actions\WaterSplitChangeAction.h">
      <Filter>browedit\actions</Filter>
    </ClInclude>
    <ClInclude Include="browedit\actions\GndVersionChangeAction.h">
      <Filter>browedit\actions</Filter>
    </ClInclude>
    <ClInclude Include="browedit\actions\LightmapNewAction.h">
      <Filter>browedit\actions</Filter>
    </ClInclude>
    <ClInclude Include="browedit\actions\LubChangeTextureAction.h">
      <Filter>browedit\actions</Filter>
    </ClInclude>
    <ClInclude Include="browedit\actions\LightmapChangeAction.h">
      <Filter>browedit\actions</Filter>
    </ClInclude>
    <ClInclude Include="browedit\util\Console.h">
      <Filter>browedit\util</Filter>
    </ClInclude>
  </ItemGroup>
  <ItemGroup>
    <ResourceCompile Include="BrowEdit3.rc">
      <Filter>Resource Files</Filter>
    </ResourceCompile>
  </ItemGroup>
  <ItemGroup>
    <Image Include="icon.ico">
      <Filter>Resource Files</Filter>
    </Image>
    <Image Include="docs\banner.png">
      <Filter>docs</Filter>
    </Image>
  </ItemGroup>
  <ItemGroup>
    <None Include="data\shaders\simple.fs">
      <Filter>data\shaders</Filter>
    </None>
    <None Include="data\shaders\simple.vs">
      <Filter>data\shaders</Filter>
    </None>
    <None Include="data\shaders\gnd.fs">
      <Filter>data\shaders</Filter>
    </None>
    <None Include="data\shaders\gnd.vs">
      <Filter>data\shaders</Filter>
    </None>
    <None Include="data\shaders\rsm.fs">
      <Filter>data\shaders</Filter>
    </None>
    <None Include="data\shaders\rsm.vs">
      <Filter>data\shaders</Filter>
    </None>
    <None Include="data\shaders\billboard.fs">
      <Filter>data\shaders</Filter>
    </None>
    <None Include="data\shaders\billboard.vs">
      <Filter>data\shaders</Filter>
    </None>
    <None Include=".github\workflows\msbuild.yml" />
    <None Include="data\shaders\water.vs">
      <Filter>data\shaders</Filter>
    </None>
    <None Include="data\shaders\water.fs">
      <Filter>data\shaders</Filter>
    </None>
    <None Include="data\shaders\lub.vs">
      <Filter>data\shaders</Filter>
    </None>
    <None Include="data\shaders\lub.fs">
      <Filter>data\shaders</Filter>
    </None>
    <None Include="docs\Lightmapping.md">
      <Filter>docs</Filter>
    </None>
    <None Include="docs\ObjectEdit.md">
      <Filter>docs</Filter>
    </None>
    <None Include="docs\Readme.md">
      <Filter>docs</Filter>
    </None>
    <None Include="docs\Configuration.md">
      <Filter>docs</Filter>
    </None>
    <None Include="docs\formats\Rsm.md">
      <Filter>docs\formats</Filter>
    </None>
    <None Include="docs\formats\Rsw.md">
      <Filter>docs\formats</Filter>
    </None>
    <None Include="docs\formats\Gnd.md">
      <Filter>docs\formats</Filter>
    </None>
  </ItemGroup>
  <ItemGroup>
    <Manifest Include="BrowEdit3.manifest">
      <Filter>Resource Files</Filter>
    </Manifest>
  </ItemGroup>
</Project>